// !$*UTF8*$!
{
	archiveVersion = 1;
	classes = {
	};
	objectVersion = 46;
	objects = {

/* Begin PBXBuildFile section */
		411E77BC1B2F601F00B05218 /* MapViewController.swift in Sources */ = {isa = PBXBuildFile; fileRef = 411E77BB1B2F601F00B05218 /* MapViewController.swift */; };
		411E77BE1B2F65CA00B05218 /* MapKit.framework in Frameworks */ = {isa = PBXBuildFile; fileRef = 411E77BD1B2F65CA00B05218 /* MapKit.framework */; };
		411E77C21B307CDF00B05218 /* FeedItem.swift in Sources */ = {isa = PBXBuildFile; fileRef = 411E77C11B307CDF00B05218 /* FeedItem.swift */; };
		41AD2C4E1ABB5F3D00E3E03D /* AppDelegate.swift in Sources */ = {isa = PBXBuildFile; fileRef = 41AD2C4D1ABB5F3D00E3E03D /* AppDelegate.swift */; };
		41AD2C511ABB5F3D00E3E03D /* ExchangeAGram.xcdatamodeld in Sources */ = {isa = PBXBuildFile; fileRef = 41AD2C4F1ABB5F3D00E3E03D /* ExchangeAGram.xcdatamodeld */; };
		41AD2C561ABB5F3D00E3E03D /* Main.storyboard in Resources */ = {isa = PBXBuildFile; fileRef = 41AD2C541ABB5F3D00E3E03D /* Main.storyboard */; };
		41AD2C581ABB5F3D00E3E03D /* Images.xcassets in Resources */ = {isa = PBXBuildFile; fileRef = 41AD2C571ABB5F3D00E3E03D /* Images.xcassets */; };
		41AD2C5B1ABB5F3D00E3E03D /* LaunchScreen.xib in Resources */ = {isa = PBXBuildFile; fileRef = 41AD2C591ABB5F3D00E3E03D /* LaunchScreen.xib */; };
		41AD2C671ABB5F3D00E3E03D /* ExchangeAGramTests.swift in Sources */ = {isa = PBXBuildFile; fileRef = 41AD2C661ABB5F3D00E3E03D /* ExchangeAGramTests.swift */; };
		41AD2C711ABB637B00E3E03D /* FeedViewController.swift in Sources */ = {isa = PBXBuildFile; fileRef = 41AD2C701ABB637B00E3E03D /* FeedViewController.swift */; };
		41AD2C731ABB684300E3E03D /* FeedCell.swift in Sources */ = {isa = PBXBuildFile; fileRef = 41AD2C721ABB684300E3E03D /* FeedCell.swift */; };
		41AD2C751ABB6B1500E3E03D /* MobileCoreServices.framework in Frameworks */ = {isa = PBXBuildFile; fileRef = 41AD2C741ABB6B1500E3E03D /* MobileCoreServices.framework */; };
		41AD2C791ABCAD0F00E3E03D /* FilterViewController.swift in Sources */ = {isa = PBXBuildFile; fileRef = 41AD2C781ABCAD0F00E3E03D /* FilterViewController.swift */; };
		41AD2C7B1ABCB61900E3E03D /* FilterCell.swift in Sources */ = {isa = PBXBuildFile; fileRef = 41AD2C7A1ABCB61900E3E03D /* FilterCell.swift */; };
		41AD2C801AC1C80700E3E03D /* ProfileViewController.swift in Sources */ = {isa = PBXBuildFile; fileRef = 41AD2C7F1AC1C80700E3E03D /* ProfileViewController.swift */; };
		41AD2C821AC4955900E3E03D /* FacebookSDK.framework in Frameworks */ = {isa = PBXBuildFile; fileRef = 41AD2C811AC4955900E3E03D /* FacebookSDK.framework */; };
/* End PBXBuildFile section */

/* Begin PBXContainerItemProxy section */
		41AD2C611ABB5F3D00E3E03D /* PBXContainerItemProxy */ = {
			isa = PBXContainerItemProxy;
			containerPortal = 41AD2C401ABB5F3D00E3E03D /* Project object */;
			proxyType = 1;
			remoteGlobalIDString = 41AD2C471ABB5F3D00E3E03D;
			remoteInfo = ExchangeAGram;
		};
/* End PBXContainerItemProxy section */

/* Begin PBXFileReference section */
		411E77BB1B2F601F00B05218 /* MapViewController.swift */ = {isa = PBXFileReference; fileEncoding = 4; lastKnownFileType = sourcecode.swift; path = MapViewController.swift; sourceTree = "<group>"; };
		411E77BD1B2F65CA00B05218 /* MapKit.framework */ = {isa = PBXFileReference; lastKnownFileType = wrapper.framework; name = MapKit.framework; path = System/Library/Frameworks/MapKit.framework; sourceTree = SDKROOT; };
		411E77C11B307CDF00B05218 /* FeedItem.swift */ = {isa = PBXFileReference; fileEncoding = 4; lastKnownFileType = sourcecode.swift; name = FeedItem.swift; path = ../FeedItem.swift; sourceTree = "<group>"; };
		41609B491AC4976C00128C45 /* Bridging-Header.h */ = {isa = PBXFileReference; lastKnownFileType = sourcecode.c.h; path = "Bridging-Header.h"; sourceTree = "<group>"; };
		41AD2C481ABB5F3D00E3E03D /* ExchangeAGram.app */ = {isa = PBXFileReference; explicitFileType = wrapper.application; includeInIndex = 0; path = ExchangeAGram.app; sourceTree = BUILT_PRODUCTS_DIR; };
		41AD2C4C1ABB5F3D00E3E03D /* Info.plist */ = {isa = PBXFileReference; lastKnownFileType = text.plist.xml; path = Info.plist; sourceTree = "<group>"; };
		41AD2C4D1ABB5F3D00E3E03D /* AppDelegate.swift */ = {isa = PBXFileReference; lastKnownFileType = sourcecode.swift; path = AppDelegate.swift; sourceTree = "<group>"; };
		41AD2C501ABB5F3D00E3E03D /* ExchangeAGram.xcdatamodel */ = {isa = PBXFileReference; lastKnownFileType = wrapper.xcdatamodel; path = ExchangeAGram.xcdatamodel; sourceTree = "<group>"; };
		41AD2C551ABB5F3D00E3E03D /* Base */ = {isa = PBXFileReference; lastKnownFileType = file.storyboard; name = Base; path = Base.lproj/Main.storyboard; sourceTree = "<group>"; };
		41AD2C571ABB5F3D00E3E03D /* Images.xcassets */ = {isa = PBXFileReference; lastKnownFileType = folder.assetcatalog; path = Images.xcassets; sourceTree = "<group>"; };
		41AD2C5A1ABB5F3D00E3E03D /* Base */ = {isa = PBXFileReference; lastKnownFileType = file.xib; name = Base; path = Base.lproj/LaunchScreen.xib; sourceTree = "<group>"; };
		41AD2C601ABB5F3D00E3E03D /* ExchangeAGramTests.xctest */ = {isa = PBXFileReference; explicitFileType = wrapper.cfbundle; includeInIndex = 0; path = ExchangeAGramTests.xctest; sourceTree = BUILT_PRODUCTS_DIR; };
		41AD2C651ABB5F3D00E3E03D /* Info.plist */ = {isa = PBXFileReference; lastKnownFileType = text.plist.xml; path = Info.plist; sourceTree = "<group>"; };
		41AD2C661ABB5F3D00E3E03D /* ExchangeAGramTests.swift */ = {isa = PBXFileReference; lastKnownFileType = sourcecode.swift; path = ExchangeAGramTests.swift; sourceTree = "<group>"; };
		41AD2C701ABB637B00E3E03D /* FeedViewController.swift */ = {isa = PBXFileReference; fileEncoding = 4; lastKnownFileType = sourcecode.swift; name = FeedViewController.swift; path = ../FeedViewController.swift; sourceTree = "<group>"; };
		41AD2C721ABB684300E3E03D /* FeedCell.swift */ = {isa = PBXFileReference; fileEncoding = 4; lastKnownFileType = sourcecode.swift; path = FeedCell.swift; sourceTree = "<group>"; };
		41AD2C741ABB6B1500E3E03D /* MobileCoreServices.framework */ = {isa = PBXFileReference; lastKnownFileType = wrapper.framework; name = MobileCoreServices.framework; path = System/Library/Frameworks/MobileCoreServices.framework; sourceTree = SDKROOT; };
		41AD2C781ABCAD0F00E3E03D /* FilterViewController.swift */ = {isa = PBXFileReference; fileEncoding = 4; lastKnownFileType = sourcecode.swift; path = FilterViewController.swift; sourceTree = "<group>"; };
		41AD2C7A1ABCB61900E3E03D /* FilterCell.swift */ = {isa = PBXFileReference; fileEncoding = 4; lastKnownFileType = sourcecode.swift; path = FilterCell.swift; sourceTree = "<group>"; };
		41AD2C7F1AC1C80700E3E03D /* ProfileViewController.swift */ = {isa = PBXFileReference; fileEncoding = 4; lastKnownFileType = sourcecode.swift; path = ProfileViewController.swift; sourceTree = "<group>"; };
		41AD2C811AC4955900E3E03D /* FacebookSDK.framework */ = {isa = PBXFileReference; lastKnownFileType = wrapper.framework; name = FacebookSDK.framework; path = ../../../Documents/FacebookSDK/FacebookSDK.framework; sourceTree = "<group>"; };
/* End PBXFileReference section */

/* Begin PBXFrameworksBuildPhase section */
		41AD2C451ABB5F3D00E3E03D /* Frameworks */ = {
			isa = PBXFrameworksBuildPhase;
			buildActionMask = 2147483647;
			files = (
				411E77BE1B2F65CA00B05218 /* MapKit.framework in Frameworks */,
				41AD2C751ABB6B1500E3E03D /* MobileCoreServices.framework in Frameworks */,
				41AD2C821AC4955900E3E03D /* FacebookSDK.framework in Frameworks */,
			);
			runOnlyForDeploymentPostprocessing = 0;
		};
		41AD2C5D1ABB5F3D00E3E03D /* Frameworks */ = {
			isa = PBXFrameworksBuildPhase;
			buildActionMask = 2147483647;
			files = (
			);
			runOnlyForDeploymentPostprocessing = 0;
		};
/* End PBXFrameworksBuildPhase section */

/* Begin PBXGroup section */
		41AD2C3F1ABB5F3D00E3E03D = {
			isa = PBXGroup;
			children = (
				41AD2C4A1ABB5F3D00E3E03D /* ExchangeAGram */,
				41AD2C631ABB5F3D00E3E03D /* ExchangeAGramTests */,
				41AD2C491ABB5F3D00E3E03D /* Products */,
			);
			sourceTree = "<group>";
		};
		41AD2C491ABB5F3D00E3E03D /* Products */ = {
			isa = PBXGroup;
			children = (
				41AD2C481ABB5F3D00E3E03D /* ExchangeAGram.app */,
				41AD2C601ABB5F3D00E3E03D /* ExchangeAGramTests.xctest */,
			);
			name = Products;
			sourceTree = "<group>";
		};
		41AD2C4A1ABB5F3D00E3E03D /* ExchangeAGram */ = {
			isa = PBXGroup;
			children = (
				41AD2C4D1ABB5F3D00E3E03D /* AppDelegate.swift */,
				41AD2C701ABB637B00E3E03D /* FeedViewController.swift */,
				41AD2C721ABB684300E3E03D /* FeedCell.swift */,
				41AD2C541ABB5F3D00E3E03D /* Main.storyboard */,
				41AD2C7F1AC1C80700E3E03D /* ProfileViewController.swift */,
				41609B491AC4976C00128C45 /* Bridging-Header.h */,
				41AD2C781ABCAD0F00E3E03D /* FilterViewController.swift */,
				411E77BB1B2F601F00B05218 /* MapViewController.swift */,
				41AD2C7A1ABCB61900E3E03D /* FilterCell.swift */,
				41AD2C7E1AC07A9100E3E03D /* Model */,
				41AD2C571ABB5F3D00E3E03D /* Images.xcassets */,
				41AD2C591ABB5F3D00E3E03D /* LaunchScreen.xib */,
				41AD2C4B1ABB5F3D00E3E03D /* Supporting Files */,
			);
			path = ExchangeAGram;
			sourceTree = "<group>";
		};
		41AD2C4B1ABB5F3D00E3E03D /* Supporting Files */ = {
			isa = PBXGroup;
			children = (
				411E77BD1B2F65CA00B05218 /* MapKit.framework */,
				41AD2C811AC4955900E3E03D /* FacebookSDK.framework */,
				41AD2C741ABB6B1500E3E03D /* MobileCoreServices.framework */,
				41AD2C4C1ABB5F3D00E3E03D /* Info.plist */,
			);
			name = "Supporting Files";
			sourceTree = "<group>";
		};
		41AD2C631ABB5F3D00E3E03D /* ExchangeAGramTests */ = {
			isa = PBXGroup;
			children = (
				41AD2C661ABB5F3D00E3E03D /* ExchangeAGramTests.swift */,
				41AD2C641ABB5F3D00E3E03D /* Supporting Files */,
			);
			path = ExchangeAGramTests;
			sourceTree = "<group>";
		};
		41AD2C641ABB5F3D00E3E03D /* Supporting Files */ = {
			isa = PBXGroup;
			children = (
				41AD2C651ABB5F3D00E3E03D /* Info.plist */,
			);
			name = "Supporting Files";
			sourceTree = "<group>";
		};
		41AD2C7E1AC07A9100E3E03D /* Model */ = {
			isa = PBXGroup;
			children = (
				411E77C11B307CDF00B05218 /* FeedItem.swift */,
				41AD2C4F1ABB5F3D00E3E03D /* ExchangeAGram.xcdatamodeld */,
			);
			name = Model;
			sourceTree = "<group>";
		};
/* End PBXGroup section */

/* Begin PBXNativeTarget section */
		41AD2C471ABB5F3D00E3E03D /* ExchangeAGram */ = {
			isa = PBXNativeTarget;
			buildConfigurationList = 41AD2C6A1ABB5F3D00E3E03D /* Build configuration list for PBXNativeTarget "ExchangeAGram" */;
			buildPhases = (
				41AD2C441ABB5F3D00E3E03D /* Sources */,
				41AD2C451ABB5F3D00E3E03D /* Frameworks */,
				41AD2C461ABB5F3D00E3E03D /* Resources */,
			);
			buildRules = (
			);
			dependencies = (
			);
			name = ExchangeAGram;
			productName = ExchangeAGram;
			productReference = 41AD2C481ABB5F3D00E3E03D /* ExchangeAGram.app */;
			productType = "com.apple.product-type.application";
		};
		41AD2C5F1ABB5F3D00E3E03D /* ExchangeAGramTests */ = {
			isa = PBXNativeTarget;
			buildConfigurationList = 41AD2C6D1ABB5F3D00E3E03D /* Build configuration list for PBXNativeTarget "ExchangeAGramTests" */;
			buildPhases = (
				41AD2C5C1ABB5F3D00E3E03D /* Sources */,
				41AD2C5D1ABB5F3D00E3E03D /* Frameworks */,
				41AD2C5E1ABB5F3D00E3E03D /* Resources */,
			);
			buildRules = (
			);
			dependencies = (
				41AD2C621ABB5F3D00E3E03D /* PBXTargetDependency */,
			);
			name = ExchangeAGramTests;
			productName = ExchangeAGramTests;
			productReference = 41AD2C601ABB5F3D00E3E03D /* ExchangeAGramTests.xctest */;
			productType = "com.apple.product-type.bundle.unit-test";
		};
/* End PBXNativeTarget section */

/* Begin PBXProject section */
		41AD2C401ABB5F3D00E3E03D /* Project object */ = {
			isa = PBXProject;
			attributes = {
				LastUpgradeCheck = 0610;
				ORGANIZATIONNAME = Nic;
				TargetAttributes = {
					41AD2C471ABB5F3D00E3E03D = {
						CreatedOnToolsVersion = 6.1.1;
					};
					41AD2C5F1ABB5F3D00E3E03D = {
						CreatedOnToolsVersion = 6.1.1;
						TestTargetID = 41AD2C471ABB5F3D00E3E03D;
					};
				};
			};
			buildConfigurationList = 41AD2C431ABB5F3D00E3E03D /* Build configuration list for PBXProject "ExchangeAGram" */;
			compatibilityVersion = "Xcode 3.2";
			developmentRegion = English;
			hasScannedForEncodings = 0;
			knownRegions = (
				en,
				Base,
			);
			mainGroup = 41AD2C3F1ABB5F3D00E3E03D;
			productRefGroup = 41AD2C491ABB5F3D00E3E03D /* Products */;
			projectDirPath = "";
			projectRoot = "";
			targets = (
				41AD2C471ABB5F3D00E3E03D /* ExchangeAGram */,
				41AD2C5F1ABB5F3D00E3E03D /* ExchangeAGramTests */,
			);
		};
/* End PBXProject section */

/* Begin PBXResourcesBuildPhase section */
		41AD2C461ABB5F3D00E3E03D /* Resources */ = {
			isa = PBXResourcesBuildPhase;
			buildActionMask = 2147483647;
			files = (
				41AD2C561ABB5F3D00E3E03D /* Main.storyboard in Resources */,
				41AD2C5B1ABB5F3D00E3E03D /* LaunchScreen.xib in Resources */,
				41AD2C581ABB5F3D00E3E03D /* Images.xcassets in Resources */,
			);
			runOnlyForDeploymentPostprocessing = 0;
		};
		41AD2C5E1ABB5F3D00E3E03D /* Resources */ = {
			isa = PBXResourcesBuildPhase;
			buildActionMask = 2147483647;
			files = (
			);
			runOnlyForDeploymentPostprocessing = 0;
		};
/* End PBXResourcesBuildPhase section */

/* Begin PBXSourcesBuildPhase section */
		41AD2C441ABB5F3D00E3E03D /* Sources */ = {
			isa = PBXSourcesBuildPhase;
			buildActionMask = 2147483647;
			files = (
				41AD2C7B1ABCB61900E3E03D /* FilterCell.swift in Sources */,
				41AD2C791ABCAD0F00E3E03D /* FilterViewController.swift in Sources */,
				41AD2C4E1ABB5F3D00E3E03D /* AppDelegate.swift in Sources */,
				41AD2C731ABB684300E3E03D /* FeedCell.swift in Sources */,
				411E77BC1B2F601F00B05218 /* MapViewController.swift in Sources */,
				411E77C21B307CDF00B05218 /* FeedItem.swift in Sources */,
				41AD2C711ABB637B00E3E03D /* FeedViewController.swift in Sources */,
				41AD2C801AC1C80700E3E03D /* ProfileViewController.swift in Sources */,
				41AD2C511ABB5F3D00E3E03D /* ExchangeAGram.xcdatamodeld in Sources */,
			);
			runOnlyForDeploymentPostprocessing = 0;
		};
		41AD2C5C1ABB5F3D00E3E03D /* Sources */ = {
			isa = PBXSourcesBuildPhase;
			buildActionMask = 2147483647;
			files = (
				41AD2C671ABB5F3D00E3E03D /* ExchangeAGramTests.swift in Sources */,
			);
			runOnlyForDeploymentPostprocessing = 0;
		};
/* End PBXSourcesBuildPhase section */

/* Begin PBXTargetDependency section */
		41AD2C621ABB5F3D00E3E03D /* PBXTargetDependency */ = {
			isa = PBXTargetDependency;
			target = 41AD2C471ABB5F3D00E3E03D /* ExchangeAGram */;
			targetProxy = 41AD2C611ABB5F3D00E3E03D /* PBXContainerItemProxy */;
		};
/* End PBXTargetDependency section */

/* Begin PBXVariantGroup section */
		41AD2C541ABB5F3D00E3E03D /* Main.storyboard */ = {
			isa = PBXVariantGroup;
			children = (
				41AD2C551ABB5F3D00E3E03D /* Base */,
			);
			name = Main.storyboard;
			sourceTree = "<group>";
		};
		41AD2C591ABB5F3D00E3E03D /* LaunchScreen.xib */ = {
			isa = PBXVariantGroup;
			children = (
				41AD2C5A1ABB5F3D00E3E03D /* Base */,
			);
			name = LaunchScreen.xib;
			sourceTree = "<group>";
		};
/* End PBXVariantGroup section */

/* Begin XCBuildConfiguration section */
		41AD2C681ABB5F3D00E3E03D /* Debug */ = {
			isa = XCBuildConfiguration;
			buildSettings = {
				ALWAYS_SEARCH_USER_PATHS = NO;
				CLANG_CXX_LANGUAGE_STANDARD = "gnu++0x";
				CLANG_CXX_LIBRARY = "libc++";
				CLANG_ENABLE_MODULES = YES;
				CLANG_ENABLE_OBJC_ARC = YES;
				CLANG_WARN_BOOL_CONVERSION = YES;
				CLANG_WARN_CONSTANT_CONVERSION = YES;
				CLANG_WARN_DIRECT_OBJC_ISA_USAGE = YES_ERROR;
				CLANG_WARN_EMPTY_BODY = YES;
				CLANG_WARN_ENUM_CONVERSION = YES;
				CLANG_WARN_INT_CONVERSION = YES;
				CLANG_WARN_OBJC_ROOT_CLASS = YES_ERROR;
				CLANG_WARN_UNREACHABLE_CODE = YES;
				CLANG_WARN__DUPLICATE_METHOD_MATCH = YES;
				"CODE_SIGN_IDENTITY[sdk=iphoneos*]" = "iPhone Developer";
				COPY_PHASE_STRIP = NO;
				ENABLE_STRICT_OBJC_MSGSEND = YES;
				GCC_C_LANGUAGE_STANDARD = gnu99;
				GCC_DYNAMIC_NO_PIC = NO;
				GCC_OPTIMIZATION_LEVEL = 0;
				GCC_PREPROCESSOR_DEFINITIONS = (
					"DEBUG=1",
					"$(inherited)",
				);
				GCC_SYMBOLS_PRIVATE_EXTERN = NO;
				GCC_WARN_64_TO_32_BIT_CONVERSION = YES;
				GCC_WARN_ABOUT_RETURN_TYPE = YES_ERROR;
				GCC_WARN_UNDECLARED_SELECTOR = YES;
				GCC_WARN_UNINITIALIZED_AUTOS = YES_AGGRESSIVE;
				GCC_WARN_UNUSED_FUNCTION = YES;
				GCC_WARN_UNUSED_VARIABLE = YES;
				IPHONEOS_DEPLOYMENT_TARGET = 8.1;
				MTL_ENABLE_DEBUG_INFO = YES;
				ONLY_ACTIVE_ARCH = YES;
				SDKROOT = iphoneos;
				SWIFT_OPTIMIZATION_LEVEL = "-Onone";
				TARGETED_DEVICE_FAMILY = "1,2";
			};
			name = Debug;
		};
		41AD2C691ABB5F3D00E3E03D /* Release */ = {
			isa = XCBuildConfiguration;
			buildSettings = {
				ALWAYS_SEARCH_USER_PATHS = NO;
				CLANG_CXX_LANGUAGE_STANDARD = "gnu++0x";
				CLANG_CXX_LIBRARY = "libc++";
				CLANG_ENABLE_MODULES = YES;
				CLANG_ENABLE_OBJC_ARC = YES;
				CLANG_WARN_BOOL_CONVERSION = YES;
				CLANG_WARN_CONSTANT_CONVERSION = YES;
				CLANG_WARN_DIRECT_OBJC_ISA_USAGE = YES_ERROR;
				CLANG_WARN_EMPTY_BODY = YES;
				CLANG_WARN_ENUM_CONVERSION = YES;
				CLANG_WARN_INT_CONVERSION = YES;
				CLANG_WARN_OBJC_ROOT_CLASS = YES_ERROR;
				CLANG_WARN_UNREACHABLE_CODE = YES;
				CLANG_WARN__DUPLICATE_METHOD_MATCH = YES;
				"CODE_SIGN_IDENTITY[sdk=iphoneos*]" = "iPhone Developer";
				COPY_PHASE_STRIP = YES;
				ENABLE_NS_ASSERTIONS = NO;
				ENABLE_STRICT_OBJC_MSGSEND = YES;
				GCC_C_LANGUAGE_STANDARD = gnu99;
				GCC_WARN_64_TO_32_BIT_CONVERSION = YES;
				GCC_WARN_ABOUT_RETURN_TYPE = YES_ERROR;
				GCC_WARN_UNDECLARED_SELECTOR = YES;
				GCC_WARN_UNINITIALIZED_AUTOS = YES_AGGRESSIVE;
				GCC_WARN_UNUSED_FUNCTION = YES;
				GCC_WARN_UNUSED_VARIABLE = YES;
				IPHONEOS_DEPLOYMENT_TARGET = 8.1;
				MTL_ENABLE_DEBUG_INFO = NO;
				SDKROOT = iphoneos;
				TARGETED_DEVICE_FAMILY = "1,2";
				VALIDATE_PRODUCT = YES;
			};
			name = Release;
		};
		41AD2C6B1ABB5F3D00E3E03D /* Debug */ = {
			isa = XCBuildConfiguration;
			buildSettings = {
				ASSETCATALOG_COMPILER_APPICON_NAME = AppIcon;
				FRAMEWORK_SEARCH_PATHS = (
					"$(inherited)",
					/Users/nicholaideguzman/Documents/FacebookSDK,
				);
				INFOPLIST_FILE = ExchangeAGram/Info.plist;
				LD_RUNPATH_SEARCH_PATHS = "$(inherited) @executable_path/Frameworks";
				PRODUCT_NAME = "$(TARGET_NAME)";
				SWIFT_OBJC_BRIDGING_HEADER = "ExchangeAGram/Bridging-Header.h";
			};
			name = Debug;
		};
		41AD2C6C1ABB5F3D00E3E03D /* Release */ = {
			isa = XCBuildConfiguration;
			buildSettings = {
				ASSETCATALOG_COMPILER_APPICON_NAME = AppIcon;
				FRAMEWORK_SEARCH_PATHS = (
					"$(inherited)",
					/Users/nicholaideguzman/Documents/FacebookSDK,
				);
				INFOPLIST_FILE = ExchangeAGram/Info.plist;
				LD_RUNPATH_SEARCH_PATHS = "$(inherited) @executable_path/Frameworks";
				PRODUCT_NAME = "$(TARGET_NAME)";
				SWIFT_OBJC_BRIDGING_HEADER = "ExchangeAGram/Bridging-Header.h";
			};
			name = Release;
		};
		41AD2C6E1ABB5F3D00E3E03D /* Debug */ = {
			isa = XCBuildConfiguration;
			buildSettings = {
				BUNDLE_LOADER = "$(TEST_HOST)";
				FRAMEWORK_SEARCH_PATHS = (
					"$(SDKROOT)/Developer/Library/Frameworks",
					"$(inherited)",
				);
				GCC_PREPROCESSOR_DEFINITIONS = (
					"DEBUG=1",
					"$(inherited)",
				);
				INFOPLIST_FILE = ExchangeAGramTests/Info.plist;
				LD_RUNPATH_SEARCH_PATHS = "$(inherited) @executable_path/Frameworks @loader_path/Frameworks";
				PRODUCT_NAME = "$(TARGET_NAME)";
				TEST_HOST = "$(BUILT_PRODUCTS_DIR)/ExchangeAGram.app/ExchangeAGram";
			};
			name = Debug;
		};
		41AD2C6F1ABB5F3D00E3E03D /* Release */ = {
			isa = XCBuildConfiguration;
			buildSettings = {
				BUNDLE_LOADER = "$(TEST_HOST)";
				FRAMEWORK_SEARCH_PATHS = (
					"$(SDKROOT)/Developer/Library/Frameworks",
					"$(inherited)",
				);
				INFOPLIST_FILE = ExchangeAGramTests/Info.plist;
				LD_RUNPATH_SEARCH_PATHS = "$(inherited) @executable_path/Frameworks @loader_path/Frameworks";
				PRODUCT_NAME = "$(TARGET_NAME)";
				TEST_HOST = "$(BUILT_PRODUCTS_DIR)/ExchangeAGram.app/ExchangeAGram";
			};
			name = Release;
		};
/* End XCBuildConfiguration section */

/* Begin XCConfigurationList section */
		41AD2C431ABB5F3D00E3E03D /* Build configuration list for PBXProject "ExchangeAGram" */ = {
			isa = XCConfigurationList;
			buildConfigurations = (
				41AD2C681ABB5F3D00E3E03D /* Debug */,
				41AD2C691ABB5F3D00E3E03D /* Release */,
			);
			defaultConfigurationIsVisible = 0;
			defaultConfigurationName = Release;
		};
		41AD2C6A1ABB5F3D00E3E03D /* Build configuration list for PBXNativeTarget "ExchangeAGram" */ = {
			isa = XCConfigurationList;
			buildConfigurations = (
				41AD2C6B1ABB5F3D00E3E03D /* Debug */,
				41AD2C6C1ABB5F3D00E3E03D /* Release */,
			);
			defaultConfigurationIsVisible = 0;
			defaultConfigurationName = Release;
		};
		41AD2C6D1ABB5F3D00E3E03D /* Build configuration list for PBXNativeTarget "ExchangeAGramTests" */ = {
			isa = XCConfigurationList;
			buildConfigurations = (
				41AD2C6E1ABB5F3D00E3E03D /* Debug */,
				41AD2C6F1ABB5F3D00E3E03D /* Release */,
			);
			defaultConfigurationIsVisible = 0;
			defaultConfigurationName = Release;
		};
/* End XCConfigurationList section */

/* Begin XCVersionGroup section */
		41AD2C4F1ABB5F3D00E3E03D /* ExchangeAGram.xcdatamodeld */ = {
			isa = XCVersionGroup;
			children = (
				41AD2C501ABB5F3D00E3E03D /* ExchangeAGram.xcdatamodel */,
			);
			currentVersion = 41AD2C501ABB5F3D00E3E03D /* ExchangeAGram.xcdatamodel */;
			path = ExchangeAGram.xcdatamodeld;
			sourceTree = "<group>";
			versionGroupType = wrapper.xcdatamodel;
		};
/* End XCVersionGroup section */
	};
	rootObject = 41AD2C401ABB5F3D00E3E03D /* Project object */;
}
